{
  "name": "micro-frontend-architecture",
  "version": "1.0.0",
  "lockfileVersion": 3,
  "requires": true,
  "packages": {
    "": {
      "name": "micro-frontend-architecture",
      "version": "1.0.0",
      "license": "ISC",
      "workspaces": [
        "packages/shell",
        "packages/home",
        "packages/e2e",
        "packages/core"
      ]
    },
    "node_modules/core": {
      "resolved": "packages/core",
      "link": true
    },
    "node_modules/e2e": {
      "resolved": "packages/e2e",
      "link": true
    },
    "node_modules/home": {
      "resolved": "packages/home",
      "link": true
    },
    "node_modules/shell": {
      "resolved": "packages/shell",
      "link": true
    },
    "packages/core": {
      "version": "1.0.0",
      "license": "ISC",
      "devDependencies": {}
    },
    "packages/e2e": {
      "version": "1.0.0",
      "license": "ISC",
      "devDependencies": {}
    },
    "packages/home": {
      "version": "1.0.0",
      "license": "ISC",
      "devDependencies": {}
    },
    "packages/shell": {
      "version": "1.0.0",
      "license": "ISC"
    }
  }
}
